// !$*UTF8*$!
{
	archiveVersion = 1;
	classes = {
	};
	objectVersion = 55;
	objects = {

/* Begin PBXBuildFile section */
		1F35105D28B8F3C5005D76B3 /* AppDelegate.swift in Sources */ = {isa = PBXBuildFile; fileRef = 1F35105C28B8F3C5005D76B3 /* AppDelegate.swift */; };
		1F35105F28B8F3C5005D76B3 /* SceneDelegate.swift in Sources */ = {isa = PBXBuildFile; fileRef = 1F35105E28B8F3C5005D76B3 /* SceneDelegate.swift */; };
		1F35106128B8F3C5005D76B3 /* ViewController.swift in Sources */ = {isa = PBXBuildFile; fileRef = 1F35106028B8F3C5005D76B3 /* ViewController.swift */; };
		1F35106428B8F3C5005D76B3 /* Main.storyboard in Resources */ = {isa = PBXBuildFile; fileRef = 1F35106228B8F3C5005D76B3 /* Main.storyboard */; };
		1F35106628B8F3C6005D76B3 /* Assets.xcassets in Resources */ = {isa = PBXBuildFile; fileRef = 1F35106528B8F3C6005D76B3 /* Assets.xcassets */; };
		1F35106928B8F3C6005D76B3 /* LaunchScreen.storyboard in Resources */ = {isa = PBXBuildFile; fileRef = 1F35106728B8F3C6005D76B3 /* LaunchScreen.storyboard */; };
		1F35107428B8F3C6005D76B3 /* ContactsAppDesignTests.swift in Sources */ = {isa = PBXBuildFile; fileRef = 1F35107328B8F3C6005D76B3 /* ContactsAppDesignTests.swift */; };
		1F35107E28B8F3C6005D76B3 /* ContactsAppDesignUITests.swift in Sources */ = {isa = PBXBuildFile; fileRef = 1F35107D28B8F3C6005D76B3 /* ContactsAppDesignUITests.swift */; };
		1F35108028B8F3C6005D76B3 /* ContactsAppDesignUITestsLaunchTests.swift in Sources */ = {isa = PBXBuildFile; fileRef = 1F35107F28B8F3C6005D76B3 /* ContactsAppDesignUITestsLaunchTests.swift */; };
		1F35108D28B8F48B005D76B3 /* KisiHucreTableViewCell.swift in Sources */ = {isa = PBXBuildFile; fileRef = 1F35108C28B8F48B005D76B3 /* KisiHucreTableViewCell.swift */; };
		1F35108F28B8F65E005D76B3 /* KisiEkleViewController.swift in Sources */ = {isa = PBXBuildFile; fileRef = 1F35108E28B8F65E005D76B3 /* KisiEkleViewController.swift */; };
		1F35109128B8F670005D76B3 /* KisiGuncelleViewController.swift in Sources */ = {isa = PBXBuildFile; fileRef = 1F35109028B8F670005D76B3 /* KisiGuncelleViewController.swift */; };
		1F35109328B8F687005D76B3 /* KisiDetayViewController.swift in Sources */ = {isa = PBXBuildFile; fileRef = 1F35109228B8F687005D76B3 /* KisiDetayViewController.swift */; };
		1F35109628B8FE86005D76B3 /* ContactsAppDesign.xcdatamodeld in Sources */ = {isa = PBXBuildFile; fileRef = 1F35109428B8FE86005D76B3 /* ContactsAppDesign.xcdatamodeld */; };
/* End PBXBuildFile section */

/* Begin PBXContainerItemProxy section */
		1F35107028B8F3C6005D76B3 /* PBXContainerItemProxy */ = {
			isa = PBXContainerItemProxy;
			containerPortal = 1F35105128B8F3C5005D76B3 /* Project object */;
			proxyType = 1;
			remoteGlobalIDString = 1F35105828B8F3C5005D76B3;
			remoteInfo = ContactsAppDesign;
		};
		1F35107A28B8F3C6005D76B3 /* PBXContainerItemProxy */ = {
			isa = PBXContainerItemProxy;
			containerPortal = 1F35105128B8F3C5005D76B3 /* Project object */;
			proxyType = 1;
			remoteGlobalIDString = 1F35105828B8F3C5005D76B3;
			remoteInfo = ContactsAppDesign;
		};
/* End PBXContainerItemProxy section */

/* Begin PBXFileReference section */
		1F35105928B8F3C5005D76B3 /* ContactsAppDesign.app */ = {isa = PBXFileReference; explicitFileType = wrapper.application; includeInIndex = 0; path = ContactsAppDesign.app; sourceTree = BUILT_PRODUCTS_DIR; };
		1F35105C28B8F3C5005D76B3 /* AppDelegate.swift */ = {isa = PBXFileReference; lastKnownFileType = sourcecode.swift; path = AppDelegate.swift; sourceTree = "<group>"; };
		1F35105E28B8F3C5005D76B3 /* SceneDelegate.swift */ = {isa = PBXFileReference; lastKnownFileType = sourcecode.swift; path = SceneDelegate.swift; sourceTree = "<group>"; };
		1F35106028B8F3C5005D76B3 /* ViewController.swift */ = {isa = PBXFileReference; lastKnownFileType = sourcecode.swift; path = ViewController.swift; sourceTree = "<group>"; };
		1F35106328B8F3C5005D76B3 /* Base */ = {isa = PBXFileReference; lastKnownFileType = file.storyboard; name = Base; path = Base.lproj/Main.storyboard; sourceTree = "<group>"; };
		1F35106528B8F3C6005D76B3 /* Assets.xcassets */ = {isa = PBXFileReference; lastKnownFileType = folder.assetcatalog; path = Assets.xcassets; sourceTree = "<group>"; };
		1F35106828B8F3C6005D76B3 /* Base */ = {isa = PBXFileReference; lastKnownFileType = file.storyboard; name = Base; path = Base.lproj/LaunchScreen.storyboard; sourceTree = "<group>"; };
		1F35106A28B8F3C6005D76B3 /* Info.plist */ = {isa = PBXFileReference; lastKnownFileType = text.plist.xml; path = Info.plist; sourceTree = "<group>"; };
		1F35106F28B8F3C6005D76B3 /* ContactsAppDesignTests.xctest */ = {isa = PBXFileReference; explicitFileType = wrapper.cfbundle; includeInIndex = 0; path = ContactsAppDesignTests.xctest; sourceTree = BUILT_PRODUCTS_DIR; };
		1F35107328B8F3C6005D76B3 /* ContactsAppDesignTests.swift */ = {isa = PBXFileReference; lastKnownFileType = sourcecode.swift; path = ContactsAppDesignTests.swift; sourceTree = "<group>"; };
		1F35107928B8F3C6005D76B3 /* ContactsAppDesignUITests.xctest */ = {isa = PBXFileReference; explicitFileType = wrapper.cfbundle; includeInIndex = 0; path = ContactsAppDesignUITests.xctest; sourceTree = BUILT_PRODUCTS_DIR; };
		1F35107D28B8F3C6005D76B3 /* ContactsAppDesignUITests.swift */ = {isa = PBXFileReference; lastKnownFileType = sourcecode.swift; path = ContactsAppDesignUITests.swift; sourceTree = "<group>"; };
		1F35107F28B8F3C6005D76B3 /* ContactsAppDesignUITestsLaunchTests.swift */ = {isa = PBXFileReference; lastKnownFileType = sourcecode.swift; path = ContactsAppDesignUITestsLaunchTests.swift; sourceTree = "<group>"; };
		1F35108C28B8F48B005D76B3 /* KisiHucreTableViewCell.swift */ = {isa = PBXFileReference; lastKnownFileType = sourcecode.swift; path = KisiHucreTableViewCell.swift; sourceTree = "<group>"; };
		1F35108E28B8F65E005D76B3 /* KisiEkleViewController.swift */ = {isa = PBXFileReference; lastKnownFileType = sourcecode.swift; path = KisiEkleViewController.swift; sourceTree = "<group>"; };
		1F35109028B8F670005D76B3 /* KisiGuncelleViewController.swift */ = {isa = PBXFileReference; lastKnownFileType = sourcecode.swift; path = KisiGuncelleViewController.swift; sourceTree = "<group>"; };
		1F35109228B8F687005D76B3 /* KisiDetayViewController.swift */ = {isa = PBXFileReference; lastKnownFileType = sourcecode.swift; path = KisiDetayViewController.swift; sourceTree = "<group>"; };
		1F35109528B8FE86005D76B3 /* ContactsAppDesign.xcdatamodel */ = {isa = PBXFileReference; lastKnownFileType = wrapper.xcdatamodel; path = ContactsAppDesign.xcdatamodel; sourceTree = "<group>"; };
/* End PBXFileReference section */

/* Begin PBXFrameworksBuildPhase section */
		1F35105628B8F3C5005D76B3 /* Frameworks */ = {
			isa = PBXFrameworksBuildPhase;
			buildActionMask = 2147483647;
			files = (
			);
			runOnlyForDeploymentPostprocessing = 0;
		};
		1F35106C28B8F3C6005D76B3 /* Frameworks */ = {
			isa = PBXFrameworksBuildPhase;
			buildActionMask = 2147483647;
			files = (
			);
			runOnlyForDeploymentPostprocessing = 0;
		};
		1F35107628B8F3C6005D76B3 /* Frameworks */ = {
			isa = PBXFrameworksBuildPhase;
			buildActionMask = 2147483647;
			files = (
			);
			runOnlyForDeploymentPostprocessing = 0;
		};
/* End PBXFrameworksBuildPhase section */

/* Begin PBXGroup section */
		1F35105028B8F3C5005D76B3 = {
			isa = PBXGroup;
			children = (
				1F35105B28B8F3C5005D76B3 /* ContactsAppDesign */,
				1F35107228B8F3C6005D76B3 /* ContactsAppDesignTests */,
				1F35107C28B8F3C6005D76B3 /* ContactsAppDesignUITests */,
				1F35105A28B8F3C5005D76B3 /* Products */,
			);
			sourceTree = "<group>";
		};
		1F35105A28B8F3C5005D76B3 /* Products */ = {
			isa = PBXGroup;
			children = (
				1F35105928B8F3C5005D76B3 /* ContactsAppDesign.app */,
				1F35106F28B8F3C6005D76B3 /* ContactsAppDesignTests.xctest */,
				1F35107928B8F3C6005D76B3 /* ContactsAppDesignUITests.xctest */,
			);
			name = Products;
			sourceTree = "<group>";
		};
		1F35105B28B8F3C5005D76B3 /* ContactsAppDesign */ = {
			isa = PBXGroup;
			children = (
				1F35105C28B8F3C5005D76B3 /* AppDelegate.swift */,
				1F35105E28B8F3C5005D76B3 /* SceneDelegate.swift */,
				1F35106028B8F3C5005D76B3 /* ViewController.swift */,
				1F35106228B8F3C5005D76B3 /* Main.storyboard */,
				1F35106528B8F3C6005D76B3 /* Assets.xcassets */,
				1F35106728B8F3C6005D76B3 /* LaunchScreen.storyboard */,
				1F35106A28B8F3C6005D76B3 /* Info.plist */,
				1F35108C28B8F48B005D76B3 /* KisiHucreTableViewCell.swift */,
				1F35108E28B8F65E005D76B3 /* KisiEkleViewController.swift */,
				1F35109028B8F670005D76B3 /* KisiGuncelleViewController.swift */,
				1F35109228B8F687005D76B3 /* KisiDetayViewController.swift */,
				1F35109428B8FE86005D76B3 /* ContactsAppDesign.xcdatamodeld */,
			);
			path = ContactsAppDesign;
			sourceTree = "<group>";
		};
		1F35107228B8F3C6005D76B3 /* ContactsAppDesignTests */ = {
			isa = PBXGroup;
			children = (
				1F35107328B8F3C6005D76B3 /* ContactsAppDesignTests.swift */,
			);
			path = ContactsAppDesignTests;
			sourceTree = "<group>";
		};
		1F35107C28B8F3C6005D76B3 /* ContactsAppDesignUITests */ = {
			isa = PBXGroup;
			children = (
				1F35107D28B8F3C6005D76B3 /* ContactsAppDesignUITests.swift */,
				1F35107F28B8F3C6005D76B3 /* ContactsAppDesignUITestsLaunchTests.swift */,
			);
			path = ContactsAppDesignUITests;
			sourceTree = "<group>";
		};
/* End PBXGroup section */

/* Begin PBXNativeTarget section */
		1F35105828B8F3C5005D76B3 /* ContactsAppDesign */ = {
			isa = PBXNativeTarget;
			buildConfigurationList = 1F35108328B8F3C6005D76B3 /* Build configuration list for PBXNativeTarget "ContactsAppDesign" */;
			buildPhases = (
				1F35105528B8F3C5005D76B3 /* Sources */,
				1F35105628B8F3C5005D76B3 /* Frameworks */,
				1F35105728B8F3C5005D76B3 /* Resources */,
			);
			buildRules = (
			);
			dependencies = (
			);
			name = ContactsAppDesign;
			productName = ContactsAppDesign;
			productReference = 1F35105928B8F3C5005D76B3 /* ContactsAppDesign.app */;
			productType = "com.apple.product-type.application";
		};
		1F35106E28B8F3C6005D76B3 /* ContactsAppDesignTests */ = {
			isa = PBXNativeTarget;
			buildConfigurationList = 1F35108628B8F3C6005D76B3 /* Build configuration list for PBXNativeTarget "ContactsAppDesignTests" */;
			buildPhases = (
				1F35106B28B8F3C6005D76B3 /* Sources */,
				1F35106C28B8F3C6005D76B3 /* Frameworks */,
				1F35106D28B8F3C6005D76B3 /* Resources */,
			);
			buildRules = (
			);
			dependencies = (
				1F35107128B8F3C6005D76B3 /* PBXTargetDependency */,
			);
			name = ContactsAppDesignTests;
			productName = ContactsAppDesignTests;
			productReference = 1F35106F28B8F3C6005D76B3 /* ContactsAppDesignTests.xctest */;
			productType = "com.apple.product-type.bundle.unit-test";
		};
		1F35107828B8F3C6005D76B3 /* ContactsAppDesignUITests */ = {
			isa = PBXNativeTarget;
			buildConfigurationList = 1F35108928B8F3C6005D76B3 /* Build configuration list for PBXNativeTarget "ContactsAppDesignUITests" */;
			buildPhases = (
				1F35107528B8F3C6005D76B3 /* Sources */,
				1F35107628B8F3C6005D76B3 /* Frameworks */,
				1F35107728B8F3C6005D76B3 /* Resources */,
			);
			buildRules = (
			);
			dependencies = (
				1F35107B28B8F3C6005D76B3 /* PBXTargetDependency */,
			);
			name = ContactsAppDesignUITests;
			productName = ContactsAppDesignUITests;
			productReference = 1F35107928B8F3C6005D76B3 /* ContactsAppDesignUITests.xctest */;
			productType = "com.apple.product-type.bundle.ui-testing";
		};
/* End PBXNativeTarget section */

/* Begin PBXProject section */
		1F35105128B8F3C5005D76B3 /* Project object */ = {
			isa = PBXProject;
			attributes = {
				BuildIndependentTargetsInParallel = 1;
				LastSwiftUpdateCheck = 1340;
				LastUpgradeCheck = 1340;
				TargetAttributes = {
					1F35105828B8F3C5005D76B3 = {
						CreatedOnToolsVersion = 13.4.1;
					};
					1F35106E28B8F3C6005D76B3 = {
						CreatedOnToolsVersion = 13.4.1;
						TestTargetID = 1F35105828B8F3C5005D76B3;
					};
					1F35107828B8F3C6005D76B3 = {
						CreatedOnToolsVersion = 13.4.1;
						TestTargetID = 1F35105828B8F3C5005D76B3;
					};
				};
			};
			buildConfigurationList = 1F35105428B8F3C5005D76B3 /* Build configuration list for PBXProject "ContactsAppDesign" */;
			compatibilityVersion = "Xcode 13.0";
			developmentRegion = en;
			hasScannedForEncodings = 0;
			knownRegions = (
				en,
				Base,
			);
			mainGroup = 1F35105028B8F3C5005D76B3;
			productRefGroup = 1F35105A28B8F3C5005D76B3 /* Products */;
			projectDirPath = "";
			projectRoot = "";
			targets = (
				1F35105828B8F3C5005D76B3 /* ContactsAppDesign */,
				1F35106E28B8F3C6005D76B3 /* ContactsAppDesignTests */,
				1F35107828B8F3C6005D76B3 /* ContactsAppDesignUITests */,
			);
		};
/* End PBXProject section */

/* Begin PBXResourcesBuildPhase section */
		1F35105728B8F3C5005D76B3 /* Resources */ = {
			isa = PBXResourcesBuildPhase;
			buildActionMask = 2147483647;
			files = (
				1F35106928B8F3C6005D76B3 /* LaunchScreen.storyboard in Resources */,
				1F35106628B8F3C6005D76B3 /* Assets.xcassets in Resources */,
				1F35106428B8F3C5005D76B3 /* Main.storyboard in Resources */,
			);
			runOnlyForDeploymentPostprocessing = 0;
		};
		1F35106D28B8F3C6005D76B3 /* Resources */ = {
			isa = PBXResourcesBuildPhase;
			buildActionMask = 2147483647;
			files = (
			);
			runOnlyForDeploymentPostprocessing = 0;
		};
		1F35107728B8F3C6005D76B3 /* Resources */ = {
			isa = PBXResourcesBuildPhase;
			buildActionMask = 2147483647;
			files = (
			);
			runOnlyForDeploymentPostprocessing = 0;
		};
/* End PBXResourcesBuildPhase section */

/* Begin PBXSourcesBuildPhase section */
		1F35105528B8F3C5005D76B3 /* Sources */ = {
			isa = PBXSourcesBuildPhase;
			buildActionMask = 2147483647;
			files = (
				1F35109628B8FE86005D76B3 /* ContactsAppDesign.xcdatamodeld in Sources */,
				1F35106128B8F3C5005D76B3 /* ViewController.swift in Sources */,
				1F35108D28B8F48B005D76B3 /* KisiHucreTableViewCell.swift in Sources */,
				1F35105D28B8F3C5005D76B3 /* AppDelegate.swift in Sources */,
				1F35109328B8F687005D76B3 /* KisiDetayViewController.swift in Sources */,
				1F35105F28B8F3C5005D76B3 /* SceneDelegate.swift in Sources */,
				1F35109128B8F670005D76B3 /* KisiGuncelleViewController.swift in Sources */,
				1F35108F28B8F65E005D76B3 /* KisiEkleViewController.swift in Sources */,
			);
			runOnlyForDeploymentPostprocessing = 0;
		};
		1F35106B28B8F3C6005D76B3 /* Sources */ = {
			isa = PBXSourcesBuildPhase;
			buildActionMask = 2147483647;
			files = (
				1F35107428B8F3C6005D76B3 /* ContactsAppDesignTests.swift in Sources */,
			);
			runOnlyForDeploymentPostprocessing = 0;
		};
		1F35107528B8F3C6005D76B3 /* Sources */ = {
			isa = PBXSourcesBuildPhase;
			buildActionMask = 2147483647;
			files = (
				1F35107E28B8F3C6005D76B3 /* ContactsAppDesignUITests.swift in Sources */,
				1F35108028B8F3C6005D76B3 /* ContactsAppDesignUITestsLaunchTests.swift in Sources */,
			);
			runOnlyForDeploymentPostprocessing = 0;
		};
/* End PBXSourcesBuildPhase section */

/* Begin PBXTargetDependency section */
		1F35107128B8F3C6005D76B3 /* PBXTargetDependency */ = {
			isa = PBXTargetDependency;
			target = 1F35105828B8F3C5005D76B3 /* ContactsAppDesign */;
			targetProxy = 1F35107028B8F3C6005D76B3 /* PBXContainerItemProxy */;
		};
		1F35107B28B8F3C6005D76B3 /* PBXTargetDependency */ = {
			isa = PBXTargetDependency;
			target = 1F35105828B8F3C5005D76B3 /* ContactsAppDesign */;
			targetProxy = 1F35107A28B8F3C6005D76B3 /* PBXContainerItemProxy */;
		};
/* End PBXTargetDependency section */

/* Begin PBXVariantGroup section */
		1F35106228B8F3C5005D76B3 /* Main.storyboard */ = {
			isa = PBXVariantGroup;
			children = (
				1F35106328B8F3C5005D76B3 /* Base */,
			);
			name = Main.storyboard;
			sourceTree = "<group>";
		};
		1F35106728B8F3C6005D76B3 /* LaunchScreen.storyboard */ = {
			isa = PBXVariantGroup;
			children = (
				1F35106828B8F3C6005D76B3 /* Base */,
			);
			name = LaunchScreen.storyboard;
			sourceTree = "<group>";
		};
/* End PBXVariantGroup section */

/* Begin XCBuildConfiguration section */
		1F35108128B8F3C6005D76B3 /* Debug */ = {
			isa = XCBuildConfiguration;
			buildSettings = {
				ALWAYS_SEARCH_USER_PATHS = NO;
				CLANG_ANALYZER_NONNULL = YES;
				CLANG_ANALYZER_NUMBER_OBJECT_CONVERSION = YES_AGGRESSIVE;
				CLANG_CXX_LANGUAGE_STANDARD = "gnu++17";
				CLANG_ENABLE_MODULES = YES;
				CLANG_ENABLE_OBJC_ARC = YES;
				CLANG_ENABLE_OBJC_WEAK = YES;
				CLANG_WARN_BLOCK_CAPTURE_AUTORELEASING = YES;
				CLANG_WARN_BOOL_CONVERSION = YES;
				CLANG_WARN_COMMA = YES;
				CLANG_WARN_CONSTANT_CONVERSION = YES;
				CLANG_WARN_DEPRECATED_OBJC_IMPLEMENTATIONS = YES;
				CLANG_WARN_DIRECT_OBJC_ISA_USAGE = YES_ERROR;
				CLANG_WARN_DOCUMENTATION_COMMENTS = YES;
				CLANG_WARN_EMPTY_BODY = YES;
				CLANG_WARN_ENUM_CONVERSION = YES;
				CLANG_WARN_INFINITE_RECURSION = YES;
				CLANG_WARN_INT_CONVERSION = YES;
				CLANG_WARN_NON_LITERAL_NULL_CONVERSION = YES;
				CLANG_WARN_OBJC_IMPLICIT_RETAIN_SELF = YES;
				CLANG_WARN_OBJC_LITERAL_CONVERSION = YES;
				CLANG_WARN_OBJC_ROOT_CLASS = YES_ERROR;
				CLANG_WARN_QUOTED_INCLUDE_IN_FRAMEWORK_HEADER = YES;
				CLANG_WARN_RANGE_LOOP_ANALYSIS = YES;
				CLANG_WARN_STRICT_PROTOTYPES = YES;
				CLANG_WARN_SUSPICIOUS_MOVE = YES;
				CLANG_WARN_UNGUARDED_AVAILABILITY = YES_AGGRESSIVE;
				CLANG_WARN_UNREACHABLE_CODE = YES;
				CLANG_WARN__DUPLICATE_METHOD_MATCH = YES;
				COPY_PHASE_STRIP = NO;
				DEBUG_INFORMATION_FORMAT = dwarf;
				ENABLE_STRICT_OBJC_MSGSEND = YES;
				ENABLE_TESTABILITY = YES;
				GCC_C_LANGUAGE_STANDARD = gnu11;
				GCC_DYNAMIC_NO_PIC = NO;
				GCC_NO_COMMON_BLOCKS = YES;
				GCC_OPTIMIZATION_LEVEL = 0;
				GCC_PREPROCESSOR_DEFINITIONS = (
					"DEBUG=1",
					"$(inherited)",
				);
				GCC_WARN_64_TO_32_BIT_CONVERSION = YES;
				GCC_WARN_ABOUT_RETURN_TYPE = YES_ERROR;
				GCC_WARN_UNDECLARED_SELECTOR = YES;
				GCC_WARN_UNINITIALIZED_AUTOS = YES_AGGRESSIVE;
				GCC_WARN_UNUSED_FUNCTION = YES;
				GCC_WARN_UNUSED_VARIABLE = YES;
				IPHONEOS_DEPLOYMENT_TARGET = 15.5;
				MTL_ENABLE_DEBUG_INFO = INCLUDE_SOURCE;
				MTL_FAST_MATH = YES;
				ONLY_ACTIVE_ARCH = YES;
				SDKROOT = iphoneos;
				SWIFT_ACTIVE_COMPILATION_CONDITIONS = DEBUG;
				SWIFT_OPTIMIZATION_LEVEL = "-Onone";
			};
			name = Debug;
		};
		1F35108228B8F3C6005D76B3 /* Release */ = {
			isa = XCBuildConfiguration;
			buildSettings = {
				ALWAYS_SEARCH_USER_PATHS = NO;
				CLANG_ANALYZER_NONNULL = YES;
				CLANG_ANALYZER_NUMBER_OBJECT_CONVERSION = YES_AGGRESSIVE;
				CLANG_CXX_LANGUAGE_STANDARD = "gnu++17";
				CLANG_ENABLE_MODULES = YES;
				CLANG_ENABLE_OBJC_ARC = YES;
				CLANG_ENABLE_OBJC_WEAK = YES;
				CLANG_WARN_BLOCK_CAPTURE_AUTORELEASING = YES;
				CLANG_WARN_BOOL_CONVERSION = YES;
				CLANG_WARN_COMMA = YES;
				CLANG_WARN_CONSTANT_CONVERSION = YES;
				CLANG_WARN_DEPRECATED_OBJC_IMPLEMENTATIONS = YES;
				CLANG_WARN_DIRECT_OBJC_ISA_USAGE = YES_ERROR;
				CLANG_WARN_DOCUMENTATION_COMMENTS = YES;
				CLANG_WARN_EMPTY_BODY = YES;
				CLANG_WARN_ENUM_CONVERSION = YES;
				CLANG_WARN_INFINITE_RECURSION = YES;
				CLANG_WARN_INT_CONVERSION = YES;
				CLANG_WARN_NON_LITERAL_NULL_CONVERSION = YES;
				CLANG_WARN_OBJC_IMPLICIT_RETAIN_SELF = YES;
				CLANG_WARN_OBJC_LITERAL_CONVERSION = YES;
				CLANG_WARN_OBJC_ROOT_CLASS = YES_ERROR;
				CLANG_WARN_QUOTED_INCLUDE_IN_FRAMEWORK_HEADER = YES;
				CLANG_WARN_RANGE_LOOP_ANALYSIS = YES;
				CLANG_WARN_STRICT_PROTOTYPES = YES;
				CLANG_WARN_SUSPICIOUS_MOVE = YES;
				CLANG_WARN_UNGUARDED_AVAILABILITY = YES_AGGRESSIVE;
				CLANG_WARN_UNREACHABLE_CODE = YES;
				CLANG_WARN__DUPLICATE_METHOD_MATCH = YES;
				COPY_PHASE_STRIP = NO;
				DEBUG_INFORMATION_FORMAT = "dwarf-with-dsym";
				ENABLE_NS_ASSERTIONS = NO;
				ENABLE_STRICT_OBJC_MSGSEND = YES;
				GCC_C_LANGUAGE_STANDARD = gnu11;
				GCC_NO_COMMON_BLOCKS = YES;
				GCC_WARN_64_TO_32_BIT_CONVERSION = YES;
				GCC_WARN_ABOUT_RETURN_TYPE = YES_ERROR;
				GCC_WARN_UNDECLARED_SELECTOR = YES;
				GCC_WARN_UNINITIALIZED_AUTOS = YES_AGGRESSIVE;
				GCC_WARN_UNUSED_FUNCTION = YES;
				GCC_WARN_UNUSED_VARIABLE = YES;
				IPHONEOS_DEPLOYMENT_TARGET = 15.5;
				MTL_ENABLE_DEBUG_INFO = NO;
				MTL_FAST_MATH = YES;
				SDKROOT = iphoneos;
				SWIFT_COMPILATION_MODE = wholemodule;
				SWIFT_OPTIMIZATION_LEVEL = "-O";
				VALIDATE_PRODUCT = YES;
			};
			name = Release;
		};
		1F35108428B8F3C6005D76B3 /* Debug */ = {
			isa = XCBuildConfiguration;
			buildSettings = {
				ASSETCATALOG_COMPILER_APPICON_NAME = AppIcon;
				ASSETCATALOG_COMPILER_GLOBAL_ACCENT_COLOR_NAME = AccentColor;
				CODE_SIGN_STYLE = Automatic;
				CURRENT_PROJECT_VERSION = 1;
				DEVELOPMENT_TEAM = 3P68P6X29Q;
				GENERATE_INFOPLIST_FILE = YES;
				INFOPLIST_FILE = ContactsAppDesign/Info.plist;
				INFOPLIST_KEY_UIApplicationSupportsIndirectInputEvents = YES;
				INFOPLIST_KEY_UILaunchStoryboardName = LaunchScreen;
				INFOPLIST_KEY_UIMainStoryboardFile = Main;
				INFOPLIST_KEY_UISupportedInterfaceOrientations_iPad = "UIInterfaceOrientationPortrait UIInterfaceOrientationPortraitUpsideDown UIInterfaceOrientationLandscapeLeft UIInterfaceOrientationLandscapeRight";
				INFOPLIST_KEY_UISupportedInterfaceOrientations_iPhone = "UIInterfaceOrientationPortrait UIInterfaceOrientationLandscapeLeft UIInterfaceOrientationLandscapeRight";
				LD_RUNPATH_SEARCH_PATHS = (
					"$(inherited)",
					"@executable_path/Frameworks",
				);
				MARKETING_VERSION = 1.0;
				PRODUCT_BUNDLE_IDENTIFIER = com.dehasuer.ContactsAppDesign;
				PRODUCT_NAME = "$(TARGET_NAME)";
				SWIFT_EMIT_LOC_STRINGS = YES;
				SWIFT_VERSION = 5.0;
				TARGETED_DEVICE_FAMILY = "1,2";
			};
			name = Debug;
		};
		1F35108528B8F3C6005D76B3 /* Release */ = {
			isa = XCBuildConfiguration;
			buildSettings = {
				ASSETCATALOG_COMPILER_APPICON_NAME = AppIcon;
				ASSETCATALOG_COMPILER_GLOBAL_ACCENT_COLOR_NAME = AccentColor;
				CODE_SIGN_STYLE = Automatic;
				CURRENT_PROJECT_VERSION = 1;
				DEVELOPMENT_TEAM = 3P68P6X29Q;
				GENERATE_INFOPLIST_FILE = YES;
				INFOPLIST_FILE = ContactsAppDesign/Info.plist;
				INFOPLIST_KEY_UIApplicationSupportsIndirectInputEvents = YES;
				INFOPLIST_KEY_UILaunchStoryboardName = LaunchScreen;
				INFOPLIST_KEY_UIMainStoryboardFile = Main;
				INFOPLIST_KEY_UISupportedInterfaceOrientations_iPad = "UIInterfaceOrientationPortrait UIInterfaceOrientationPortraitUpsideDown UIInterfaceOrientationLandscapeLeft UIInterfaceOrientationLandscapeRight";
				INFOPLIST_KEY_UISupportedInterfaceOrientations_iPhone = "UIInterfaceOrientationPortrait UIInterfaceOrientationLandscapeLeft UIInterfaceOrientationLandscapeRight";
				LD_RUNPATH_SEARCH_PATHS = (
					"$(inherited)",
					"@executable_path/Frameworks",
				);
				MARKETING_VERSION = 1.0;
				PRODUCT_BUNDLE_IDENTIFIER = com.dehasuer.ContactsAppDesign;
				PRODUCT_NAME = "$(TARGET_NAME)";
				SWIFT_EMIT_LOC_STRINGS = YES;
				SWIFT_VERSION = 5.0;
				TARGETED_DEVICE_FAMILY = "1,2";
			};
			name = Release;
		};
		1F35108728B8F3C6005D76B3 /* Debug */ = {
			isa = XCBuildConfiguration;
			buildSettings = {
				ALWAYS_EMBED_SWIFT_STANDARD_LIBRARIES = YES;
				BUNDLE_LOADER = "$(TEST_HOST)";
				CODE_SIGN_STYLE = Automatic;
				CURRENT_PROJECT_VERSION = 1;
				DEVELOPMENT_TEAM = 3P68P6X29Q;
				GENERATE_INFOPLIST_FILE = YES;
				IPHONEOS_DEPLOYMENT_TARGET = 15.5;
				MARKETING_VERSION = 1.0;
				PRODUCT_BUNDLE_IDENTIFIER = com.dehasuer.ContactsAppDesignTests;
				PRODUCT_NAME = "$(TARGET_NAME)";
				SWIFT_EMIT_LOC_STRINGS = NO;
				SWIFT_VERSION = 5.0;
				TARGETED_DEVICE_FAMILY = "1,2";
				TEST_HOST = "$(BUILT_PRODUCTS_DIR)/ContactsAppDesign.app/ContactsAppDesign";
			};
			name = Debug;
		};
		1F35108828B8F3C6005D76B3 /* Release */ = {
			isa = XCBuildConfiguration;
			buildSettings = {
				ALWAYS_EMBED_SWIFT_STANDARD_LIBRARIES = YES;
				BUNDLE_LOADER = "$(TEST_HOST)";
				CODE_SIGN_STYLE = Automatic;
				CURRENT_PROJECT_VERSION = 1;
				DEVELOPMENT_TEAM = 3P68P6X29Q;
				GENERATE_INFOPLIST_FILE = YES;
				IPHONEOS_DEPLOYMENT_TARGET = 15.5;
				MARKETING_VERSION = 1.0;
				PRODUCT_BUNDLE_IDENTIFIER = com.dehasuer.ContactsAppDesignTests;
				PRODUCT_NAME = "$(TARGET_NAME)";
				SWIFT_EMIT_LOC_STRINGS = NO;
				SWIFT_VERSION = 5.0;
				TARGETED_DEVICE_FAMILY = "1,2";
				TEST_HOST = "$(BUILT_PRODUCTS_DIR)/ContactsAppDesign.app/ContactsAppDesign";
			};
			name = Release;
		};
		1F35108A28B8F3C6005D76B3 /* Debug */ = {
			isa = XCBuildConfiguration;
			buildSettings = {
				ALWAYS_EMBED_SWIFT_STANDARD_LIBRARIES = YES;
				CODE_SIGN_STYLE = Automatic;
				CURRENT_PROJECT_VERSION = 1;
				DEVELOPMENT_TEAM = 3P68P6X29Q;
				GENERATE_INFOPLIST_FILE = YES;
				MARKETING_VERSION = 1.0;
				PRODUCT_BUNDLE_IDENTIFIER = com.dehasuer.ContactsAppDesignUITests;
				PRODUCT_NAME = "$(TARGET_NAME)";
				SWIFT_EMIT_LOC_STRINGS = NO;
				SWIFT_VERSION = 5.0;
				TARGETED_DEVICE_FAMILY = "1,2";
				TEST_TARGET_NAME = ContactsAppDesign;
			};
			name = Debug;
		};
		1F35108B28B8F3C6005D76B3 /* Release */ = {
			isa = XCBuildConfiguration;
			buildSettings = {
				ALWAYS_EMBED_SWIFT_STANDARD_LIBRARIES = YES;
				CODE_SIGN_STYLE = Automatic;
				CURRENT_PROJECT_VERSION = 1;
				DEVELOPMENT_TEAM = 3P68P6X29Q;
				GENERATE_INFOPLIST_FILE = YES;
				MARKETING_VERSION = 1.0;
				PRODUCT_BUNDLE_IDENTIFIER = com.dehasuer.ContactsAppDesignUITests;
				PRODUCT_NAME = "$(TARGET_NAME)";
				SWIFT_EMIT_LOC_STRINGS = NO;
				SWIFT_VERSION = 5.0;
				TARGETED_DEVICE_FAMILY = "1,2";
				TEST_TARGET_NAME = ContactsAppDesign;
			};
			name = Release;
		};
/* End XCBuildConfiguration section */

/* Begin XCConfigurationList section */
		1F35105428B8F3C5005D76B3 /* Build configuration list for PBXProject "ContactsAppDesign" */ = {
			isa = XCConfigurationList;
			buildConfigurations = (
				1F35108128B8F3C6005D76B3 /* Debug */,
				1F35108228B8F3C6005D76B3 /* Release */,
			);
			defaultConfigurationIsVisible = 0;
			defaultConfigurationName = Release;
		};
		1F35108328B8F3C6005D76B3 /* Build configuration list for PBXNativeTarget "ContactsAppDesign" */ = {
			isa = XCConfigurationList;
			buildConfigurations = (
				1F35108428B8F3C6005D76B3 /* Debug */,
				1F35108528B8F3C6005D76B3 /* Release */,
			);
			defaultConfigurationIsVisible = 0;
			defaultConfigurationName = Release;
		};
		1F35108628B8F3C6005D76B3 /* Build configuration list for PBXNativeTarget "ContactsAppDesignTests" */ = {
			isa = XCConfigurationList;
			buildConfigurations = (
				1F35108728B8F3C6005D76B3 /* Debug */,
				1F35108828B8F3C6005D76B3 /* Release */,
			);
			defaultConfigurationIsVisible = 0;
			defaultConfigurationName = Release;
		};
		1F35108928B8F3C6005D76B3 /* Build configuration list for PBXNativeTarget "ContactsAppDesignUITests" */ = {
			isa = XCConfigurationList;
			buildConfigurations = (
				1F35108A28B8F3C6005D76B3 /* Debug */,
				1F35108B28B8F3C6005D76B3 /* Release */,
			);
			defaultConfigurationIsVisible = 0;
			defaultConfigurationName = Release;
		};
/* End XCConfigurationList section */

/* Begin XCVersionGroup section */
		1F35109428B8FE86005D76B3 /* ContactsAppDesign.xcdatamodeld */ = {
			isa = XCVersionGroup;
			children = (
				1F35109528B8FE86005D76B3 /* ContactsAppDesign.xcdatamodel */,
			);
			currentVersion = 1F35109528B8FE86005D76B3 /* ContactsAppDesign.xcdatamodel */;
			path = ContactsAppDesign.xcdatamodeld;
			sourceTree = "<group>";
			versionGroupType = wrapper.xcdatamodel;
		};
/* End XCVersionGroup section */
	};
	rootObject = 1F35105128B8F3C5005D76B3 /* Project object */;
}
